
Microsoft Visual Studio Solution File, Format Version 12.00
# Visual Studio Version 17
VisualStudioVersion = 17.0.31903.59
MinimumVisualStudioVersion = 10.0.40219.1
Project("{FAE04EC0-301F-11D3-BF4B-00C04F79EFBC}") = "BoneConstruct", "BoneConstruct\BoneConstruct.csproj", "{0A504778-ED1A-4463-8B0D-5869BBD49805}"
EndProject
Project("{FAE04EC0-301F-11D3-BF4B-00C04F79EFBC}") = "3DBoxCanvasDesigner", "3DBoxCanvasDesigner\3DBoxCanvasDesigner.csproj", "{47A94126-4433-43E6-B684-DCB0CD5277F9}"
EndProject
Project("{FAE04EC0-301F-11D3-BF4B-00C04F79EFBC}") = "FluidSimulation", "FluidSimulation\FluidSimulation.csproj", "{66334D6C-EE29-4D23-8886-388CA84311FA}"
EndProject
Project("{FAE04EC0-301F-11D3-BF4B-00C04F79EFBC}") = "Leap71_Repo_Display", "Leap71_Repo_Display\Leap71_Repo_Display.csproj", "{4A3B46F5-0E00-4BD7-A19B-CB32224BABDF}"
EndProject
Global
	GlobalSection(SolutionConfigurationPlatforms) = preSolution
		Debug|Any CPU = Debug|Any CPU
		Debug|x64 = Debug|x64
		Debug|x86 = Debug|x86
		Release|Any CPU = Release|Any CPU
		Release|x64 = Release|x64
		Release|x86 = Release|x86
	EndGlobalSection
	GlobalSection(ProjectConfigurationPlatforms) = postSolution
		{0A504778-ED1A-4463-8B0D-5869BBD49805}.Debug|Any CPU.ActiveCfg = Debug|Any CPU
		{0A504778-ED1A-4463-8B0D-5869BBD49805}.Debug|Any CPU.Build.0 = Debug|Any CPU
		{0A504778-ED1A-4463-8B0D-5869BBD49805}.Debug|x64.ActiveCfg = Debug|Any CPU
		{0A504778-ED1A-4463-8B0D-5869BBD49805}.Debug|x64.Build.0 = Debug|Any CPU
		{0A504778-ED1A-4463-8B0D-5869BBD49805}.Debug|x86.ActiveCfg = Debug|Any CPU
		{0A504778-ED1A-4463-8B0D-5869BBD49805}.Debug|x86.Build.0 = Debug|Any CPU
		{0A504778-ED1A-4463-8B0D-5869BBD49805}.Release|Any CPU.ActiveCfg = Release|Any CPU
		{0A504778-ED1A-4463-8B0D-5869BBD49805}.Release|Any CPU.Build.0 = Release|Any CPU
		{0A504778-ED1A-4463-8B0D-5869BBD49805}.Release|x64.ActiveCfg = Release|Any CPU
		{0A504778-ED1A-4463-8B0D-5869BBD49805}.Release|x64.Build.0 = Release|Any CPU
		{0A504778-ED1A-4463-8B0D-5869BBD49805}.Release|x86.ActiveCfg = Release|Any CPU
		{0A504778-ED1A-4463-8B0D-5869BBD49805}.Release|x86.Build.0 = Release|Any CPU
		{47A94126-4433-43E6-B684-DCB0CD5277F9}.Debug|Any CPU.ActiveCfg = Debug|Any CPU
		{47A94126-4433-43E6-B684-DCB0CD5277F9}.Debug|Any CPU.Build.0 = Debug|Any CPU
		{47A94126-4433-43E6-B684-DCB0CD5277F9}.Debug|x64.ActiveCfg = Debug|Any CPU
		{47A94126-4433-43E6-B684-DCB0CD5277F9}.Debug|x64.Build.0 = Debug|Any CPU
		{47A94126-4433-43E6-B684-DCB0CD5277F9}.Debug|x86.ActiveCfg = Debug|Any CPU
		{47A94126-4433-43E6-B684-DCB0CD5277F9}.Debug|x86.Build.0 = Debug|Any CPU
		{47A94126-4433-43E6-B684-DCB0CD5277F9}.Release|Any CPU.ActiveCfg = Release|Any CPU
		{47A94126-4433-43E6-B684-DCB0CD5277F9}.Release|Any CPU.Build.0 = Release|Any CPU
		{47A94126-4433-43E6-B684-DCB0CD5277F9}.Release|x64.ActiveCfg = Release|Any CPU
		{47A94126-4433-43E6-B684-DCB0CD5277F9}.Release|x64.Build.0 = Release|Any CPU
		{47A94126-4433-43E6-B684-DCB0CD5277F9}.Release|x86.ActiveCfg = Release|Any CPU
		{47A94126-4433-43E6-B684-DCB0CD5277F9}.Release|x86.Build.0 = Release|Any CPU
		{66334D6C-EE29-4D23-8886-388CA84311FA}.Debug|Any CPU.ActiveCfg = Debug|Any CPU
		{66334D6C-EE29-4D23-8886-388CA84311FA}.Debug|Any CPU.Build.0 = Debug|Any CPU
		{66334D6C-EE29-4D23-8886-388CA84311FA}.Debug|x64.ActiveCfg = Debug|Any CPU
		{66334D6C-EE29-4D23-8886-388CA84311FA}.Debug|x64.Build.0 = Debug|Any CPU
		{66334D6C-EE29-4D23-8886-388CA84311FA}.Debug|x86.ActiveCfg = Debug|Any CPU
		{66334D6C-EE29-4D23-8886-388CA84311FA}.Debug|x86.Build.0 = Debug|Any CPU
		{66334D6C-EE29-4D23-8886-388CA84311FA}.Release|Any CPU.ActiveCfg = Release|Any CPU
		{66334D6C-EE29-4D23-8886-388CA84311FA}.Release|Any CPU.Build.0 = Release|Any CPU
		{66334D6C-EE29-4D23-8886-388CA84311FA}.Release|x64.ActiveCfg = Release|Any CPU
		{66334D6C-EE29-4D23-8886-388CA84311FA}.Release|x64.Build.0 = Release|Any CPU
		{66334D6C-EE29-4D23-8886-388CA84311FA}.Release|x86.ActiveCfg = Release|Any CPU
		{66334D6C-EE29-4D23-8886-388CA84311FA}.Release|x86.Build.0 = Release|Any CPU
		{4A3B46F5-0E00-4BD7-A19B-CB32224BABDF}.Debug|Any CPU.ActiveCfg = Debug|Any CPU
		{4A3B46F5-0E00-4BD7-A19B-CB32224BABDF}.Debug|Any CPU.Build.0 = Debug|Any CPU
		{4A3B46F5-0E00-4BD7-A19B-CB32224BABDF}.Debug|x64.ActiveCfg = Debug|Any CPU
		{4A3B46F5-0E00-4BD7-A19B-CB32224BABDF}.Debug|x64.Build.0 = Debug|Any CPU
		{4A3B46F5-0E00-4BD7-A19B-CB32224BABDF}.Debug|x86.ActiveCfg = Debug|Any CPU
		{4A3B46F5-0E00-4BD7-A19B-CB32224BABDF}.Debug|x86.Build.0 = Debug|Any CPU
		{4A3B46F5-0E00-4BD7-A19B-CB32224BABDF}.Release|Any CPU.ActiveCfg = Release|Any CPU
		{4A3B46F5-0E00-4BD7-A19B-CB32224BABDF}.Release|Any CPU.Build.0 = Release|Any CPU
		{4A3B46F5-0E00-4BD7-A19B-CB32224BABDF}.Release|x64.ActiveCfg = Release|Any CPU
		{4A3B46F5-0E00-4BD7-A19B-CB32224BABDF}.Release|x64.Build.0 = Release|Any CPU
		{4A3B46F5-0E00-4BD7-A19B-CB32224BABDF}.Release|x86.ActiveCfg = Release|Any CPU
		{4A3B46F5-0E00-4BD7-A19B-CB32224BABDF}.Release|x86.Build.0 = Release|Any CPU
	EndGlobalSection
	GlobalSection(SolutionProperties) = preSolution
		HideSolutionNode = FALSE
	EndGlobalSection
EndGlobal
