Microsoft Visual Studio Solution File, Format Version 12.00
# Visual Studio Version 17
VisualStudioVersion = 17.5.2.0
MinimumVisualStudioVersion = 10.0.40219.1
Project("{FAE04EC0-301F-11D3-BF4B-00C04F79EFBC}") = "MagicCube", "MagicCube.csproj", "{D6AC1595-C5AC-2E37-F005-E715C388483A}"
EndProject
Global
	GlobalSection(SolutionConfigurationPlatforms) = preSolution
		Debug|Any CPU = Debug|Any CPU
		Release|Any CPU = Release|Any CPU
	EndGlobalSection
	GlobalSection(ProjectConfigurationPlatforms) = postSolution
		{D6AC1595-C5AC-2E37-F005-E715C388483A}.Debug|Any CPU.ActiveCfg = Debug|Any CPU
		{D6AC1595-C5AC-2E37-F005-E715C388483A}.Debug|Any CPU.Build.0 = Debug|Any CPU
		{D6AC1595-C5AC-2E37-F005-E715C388483A}.Release|Any CPU.ActiveCfg = Release|Any CPU
		{D6AC1595-C5AC-2E37-F005-E715C388483A}.Release|Any CPU.Build.0 = Release|Any CPU
	EndGlobalSection
	GlobalSection(SolutionProperties) = preSolution
		HideSolutionNode = FALSE
	EndGlobalSection
	GlobalSection(ExtensibilityGlobals) = postSolution
		SolutionGuid = {2E2FCC39-07C6-42D1-9C2F-D1B1AEDFBA9C}
	EndGlobalSection
EndGlobal
