Microsoft Visual Studio Solution File, Format Version 12.00
# Visual Studio Version 17
VisualStudioVersion = 17.5.2.0
MinimumVisualStudioVersion = 10.0.40219.1
Project("{FAE04EC0-301F-11D3-BF4B-00C04F79EFBC}") = "BoneConstruct", "BoneConstruct.csproj", "{379EC92D-7746-043D-DC0F-C299A8C2582C}"
EndProject
Global
	GlobalSection(SolutionConfigurationPlatforms) = preSolution
		Debug|Any CPU = Debug|Any CPU
		Release|Any CPU = Release|Any CPU
	EndGlobalSection
	GlobalSection(ProjectConfigurationPlatforms) = postSolution
		{379EC92D-7746-043D-DC0F-C299A8C2582C}.Debug|Any CPU.ActiveCfg = Debug|Any CPU
		{379EC92D-7746-043D-DC0F-C299A8C2582C}.Debug|Any CPU.Build.0 = Debug|Any CPU
		{379EC92D-7746-043D-DC0F-C299A8C2582C}.Release|Any CPU.ActiveCfg = Release|Any CPU
		{379EC92D-7746-043D-DC0F-C299A8C2582C}.Release|Any CPU.Build.0 = Release|Any CPU
	EndGlobalSection
	GlobalSection(SolutionProperties) = preSolution
		HideSolutionNode = FALSE
	EndGlobalSection
	GlobalSection(ExtensibilityGlobals) = postSolution
		SolutionGuid = {4C9BBD67-D406-466F-A2D2-879CB89F5197}
	EndGlobalSection
EndGlobal
